// !$*UTF8*$!
{
	archiveVersion = 1;
	classes = {
	};
	objectVersion = 56;
	objects = {

/* Begin PBXBuildFile section */
		3DBCBD712A98F7D700D21FB5 /* Toolbox in Frameworks */ = {isa = PBXBuildFile; productRef = 3DBCBD702A98F7D700D21FB5 /* Toolbox */; };
		3DBCBD762A9902CA00D21FB5 /* ThermometerViews in Frameworks */ = {isa = PBXBuildFile; productRef = 3DBCBD752A9902CA00D21FB5 /* ThermometerViews */; };
		3DFC3E242A9896B300F6771B /* ThermometerApp.swift in Sources */ = {isa = PBXBuildFile; fileRef = 3DFC3E232A9896B300F6771B /* ThermometerApp.swift */; };
		3DFC3E262A9896B300F6771B /* ContentView.swift in Sources */ = {isa = PBXBuildFile; fileRef = 3DFC3E252A9896B300F6771B /* ContentView.swift */; };
		3DFC3E282A9896B600F6771B /* Assets.xcassets in Resources */ = {isa = PBXBuildFile; fileRef = 3DFC3E272A9896B600F6771B /* Assets.xcassets */; };
		3DFC3E2B2A9896B600F6771B /* Preview Assets.xcassets in Resources */ = {isa = PBXBuildFile; fileRef = 3DFC3E2A2A9896B600F6771B /* Preview Assets.xcassets */; };
		3DFC3E352A9896B600F6771B /* ThermometerTests.swift in Sources */ = {isa = PBXBuildFile; fileRef = 3DFC3E342A9896B600F6771B /* ThermometerTests.swift */; };
		3DFC3E3F2A9896B600F6771B /* ThermometerUITests.swift in Sources */ = {isa = PBXBuildFile; fileRef = 3DFC3E3E2A9896B600F6771B /* ThermometerUITests.swift */; };
		3DFC3E412A9896B600F6771B /* ThermometerUITestsLaunchTests.swift in Sources */ = {isa = PBXBuildFile; fileRef = 3DFC3E402A9896B600F6771B /* ThermometerUITestsLaunchTests.swift */; };
		3DFC3E4F2A989E4500F6771B /* Wave in Frameworks */ = {isa = PBXBuildFile; productRef = 3DFC3E4E2A989E4500F6771B /* Wave */; };
/* End PBXBuildFile section */

/* Begin PBXContainerItemProxy section */
		3DFC3E312A9896B600F6771B /* PBXContainerItemProxy */ = {
			isa = PBXContainerItemProxy;
			containerPortal = 3DFC3E182A9896B300F6771B /* Project object */;
			proxyType = 1;
			remoteGlobalIDString = 3DFC3E1F2A9896B300F6771B;
			remoteInfo = Thermometer;
		};
		3DFC3E3B2A9896B600F6771B /* PBXContainerItemProxy */ = {
			isa = PBXContainerItemProxy;
			containerPortal = 3DFC3E182A9896B300F6771B /* Project object */;
			proxyType = 1;
			remoteGlobalIDString = 3DFC3E1F2A9896B300F6771B;
			remoteInfo = Thermometer;
		};
/* End PBXContainerItemProxy section */

/* Begin PBXFileReference section */
		3DBCBD732A99013800D21FB5 /* ThermometerViews */ = {isa = PBXFileReference; lastKnownFileType = wrapper; name = ThermometerViews; path = ../ThermometerViews; sourceTree = "<group>"; };
		3DFC3E202A9896B300F6771B /* Thermometer.app */ = {isa = PBXFileReference; explicitFileType = wrapper.application; includeInIndex = 0; path = Thermometer.app; sourceTree = BUILT_PRODUCTS_DIR; };
		3DFC3E232A9896B300F6771B /* ThermometerApp.swift */ = {isa = PBXFileReference; lastKnownFileType = sourcecode.swift; path = ThermometerApp.swift; sourceTree = "<group>"; };
		3DFC3E252A9896B300F6771B /* ContentView.swift */ = {isa = PBXFileReference; lastKnownFileType = sourcecode.swift; path = ContentView.swift; sourceTree = "<group>"; };
		3DFC3E272A9896B600F6771B /* Assets.xcassets */ = {isa = PBXFileReference; lastKnownFileType = folder.assetcatalog; path = Assets.xcassets; sourceTree = "<group>"; };
		3DFC3E2A2A9896B600F6771B /* Preview Assets.xcassets */ = {isa = PBXFileReference; lastKnownFileType = folder.assetcatalog; path = "Preview Assets.xcassets"; sourceTree = "<group>"; };
		3DFC3E302A9896B600F6771B /* ThermometerTests.xctest */ = {isa = PBXFileReference; explicitFileType = wrapper.cfbundle; includeInIndex = 0; path = ThermometerTests.xctest; sourceTree = BUILT_PRODUCTS_DIR; };
		3DFC3E342A9896B600F6771B /* ThermometerTests.swift */ = {isa = PBXFileReference; lastKnownFileType = sourcecode.swift; path = ThermometerTests.swift; sourceTree = "<group>"; };
		3DFC3E3A2A9896B600F6771B /* ThermometerUITests.xctest */ = {isa = PBXFileReference; explicitFileType = wrapper.cfbundle; includeInIndex = 0; path = ThermometerUITests.xctest; sourceTree = BUILT_PRODUCTS_DIR; };
		3DFC3E3E2A9896B600F6771B /* ThermometerUITests.swift */ = {isa = PBXFileReference; lastKnownFileType = sourcecode.swift; path = ThermometerUITests.swift; sourceTree = "<group>"; };
		3DFC3E402A9896B600F6771B /* ThermometerUITestsLaunchTests.swift */ = {isa = PBXFileReference; lastKnownFileType = sourcecode.swift; path = ThermometerUITestsLaunchTests.swift; sourceTree = "<group>"; };
/* End PBXFileReference section */

/* Begin PBXFrameworksBuildPhase section */
		3DFC3E1D2A9896B300F6771B /* Frameworks */ = {
			isa = PBXFrameworksBuildPhase;
			buildActionMask = 2147483647;
			files = (
				3DBCBD712A98F7D700D21FB5 /* Toolbox in Frameworks */,
				3DBCBD762A9902CA00D21FB5 /* ThermometerViews in Frameworks */,
				3DFC3E4F2A989E4500F6771B /* Wave in Frameworks */,
			);
			runOnlyForDeploymentPostprocessing = 0;
		};
		3DFC3E2D2A9896B600F6771B /* Frameworks */ = {
			isa = PBXFrameworksBuildPhase;
			buildActionMask = 2147483647;
			files = (
			);
			runOnlyForDeploymentPostprocessing = 0;
		};
		3DFC3E372A9896B600F6771B /* Frameworks */ = {
			isa = PBXFrameworksBuildPhase;
			buildActionMask = 2147483647;
			files = (
			);
			runOnlyForDeploymentPostprocessing = 0;
		};
/* End PBXFrameworksBuildPhase section */

/* Begin PBXGroup section */
		3DBCBD722A99013800D21FB5 /* Packages */ = {
			isa = PBXGroup;
			children = (
				3DBCBD732A99013800D21FB5 /* ThermometerViews */,
			);
			name = Packages;
			sourceTree = "<group>";
		};
		3DBCBD742A9902CA00D21FB5 /* Frameworks */ = {
			isa = PBXGroup;
			children = (
			);
			name = Frameworks;
			sourceTree = "<group>";
		};
		3DFC3E172A9896B300F6771B = {
			isa = PBXGroup;
			children = (
				3DBCBD722A99013800D21FB5 /* Packages */,
				3DFC3E222A9896B300F6771B /* Thermometer */,
				3DFC3E332A9896B600F6771B /* ThermometerTests */,
				3DFC3E3D2A9896B600F6771B /* ThermometerUITests */,
				3DFC3E212A9896B300F6771B /* Products */,
				3DBCBD742A9902CA00D21FB5 /* Frameworks */,
			);
			sourceTree = "<group>";
		};
		3DFC3E212A9896B300F6771B /* Products */ = {
			isa = PBXGroup;
			children = (
				3DFC3E202A9896B300F6771B /* Thermometer.app */,
				3DFC3E302A9896B600F6771B /* ThermometerTests.xctest */,
				3DFC3E3A2A9896B600F6771B /* ThermometerUITests.xctest */,
			);
			name = Products;
			sourceTree = "<group>";
		};
		3DFC3E222A9896B300F6771B /* Thermometer */ = {
			isa = PBXGroup;
			children = (
				3DFC3E232A9896B300F6771B /* ThermometerApp.swift */,
				3DFC3E252A9896B300F6771B /* ContentView.swift */,
				3DFC3E272A9896B600F6771B /* Assets.xcassets */,
				3DFC3E292A9896B600F6771B /* Preview Content */,
			);
			path = Thermometer;
			sourceTree = "<group>";
		};
		3DFC3E292A9896B600F6771B /* Preview Content */ = {
			isa = PBXGroup;
			children = (
				3DFC3E2A2A9896B600F6771B /* Preview Assets.xcassets */,
			);
			path = "Preview Content";
			sourceTree = "<group>";
		};
		3DFC3E332A9896B600F6771B /* ThermometerTests */ = {
			isa = PBXGroup;
			children = (
				3DFC3E342A9896B600F6771B /* ThermometerTests.swift */,
			);
			path = ThermometerTests;
			sourceTree = "<group>";
		};
		3DFC3E3D2A9896B600F6771B /* ThermometerUITests */ = {
			isa = PBXGroup;
			children = (
				3DFC3E3E2A9896B600F6771B /* ThermometerUITests.swift */,
				3DFC3E402A9896B600F6771B /* ThermometerUITestsLaunchTests.swift */,
			);
			path = ThermometerUITests;
			sourceTree = "<group>";
		};
/* End PBXGroup section */

/* Begin PBXNativeTarget section */
		3DFC3E1F2A9896B300F6771B /* Thermometer */ = {
			isa = PBXNativeTarget;
			buildConfigurationList = 3DFC3E442A9896B600F6771B /* Build configuration list for PBXNativeTarget "Thermometer" */;
			buildPhases = (
				3DFC3E1C2A9896B300F6771B /* Sources */,
				3DFC3E1D2A9896B300F6771B /* Frameworks */,
				3DFC3E1E2A9896B300F6771B /* Resources */,
			);
			buildRules = (
			);
			dependencies = (
			);
			name = Thermometer;
			packageProductDependencies = (
				3DFC3E4E2A989E4500F6771B /* Wave */,
				3DBCBD702A98F7D700D21FB5 /* Toolbox */,
				3DBCBD752A9902CA00D21FB5 /* ThermometerViews */,
			);
			productName = Thermometer;
			productReference = 3DFC3E202A9896B300F6771B /* Thermometer.app */;
			productType = "com.apple.product-type.application";
		};
		3DFC3E2F2A9896B600F6771B /* ThermometerTests */ = {
			isa = PBXNativeTarget;
			buildConfigurationList = 3DFC3E472A9896B600F6771B /* Build configuration list for PBXNativeTarget "ThermometerTests" */;
			buildPhases = (
				3DFC3E2C2A9896B600F6771B /* Sources */,
				3DFC3E2D2A9896B600F6771B /* Frameworks */,
				3DFC3E2E2A9896B600F6771B /* Resources */,
			);
			buildRules = (
			);
			dependencies = (
				3DFC3E322A9896B600F6771B /* PBXTargetDependency */,
			);
			name = ThermometerTests;
			productName = ThermometerTests;
			productReference = 3DFC3E302A9896B600F6771B /* ThermometerTests.xctest */;
			productType = "com.apple.product-type.bundle.unit-test";
		};
		3DFC3E392A9896B600F6771B /* ThermometerUITests */ = {
			isa = PBXNativeTarget;
			buildConfigurationList = 3DFC3E4A2A9896B600F6771B /* Build configuration list for PBXNativeTarget "ThermometerUITests" */;
			buildPhases = (
				3DFC3E362A9896B600F6771B /* Sources */,
				3DFC3E372A9896B600F6771B /* Frameworks */,
				3DFC3E382A9896B600F6771B /* Resources */,
			);
			buildRules = (
			);
			dependencies = (
				3DFC3E3C2A9896B600F6771B /* PBXTargetDependency */,
			);
			name = ThermometerUITests;
			productName = ThermometerUITests;
			productReference = 3DFC3E3A2A9896B600F6771B /* ThermometerUITests.xctest */;
			productType = "com.apple.product-type.bundle.ui-testing";
		};
/* End PBXNativeTarget section */

/* Begin PBXProject section */
		3DFC3E182A9896B300F6771B /* Project object */ = {
			isa = PBXProject;
			attributes = {
				BuildIndependentTargetsInParallel = 1;
				LastSwiftUpdateCheck = 1430;
				LastUpgradeCheck = 1430;
				TargetAttributes = {
					3DFC3E1F2A9896B300F6771B = {
						CreatedOnToolsVersion = 14.3.1;
					};
					3DFC3E2F2A9896B600F6771B = {
						CreatedOnToolsVersion = 14.3.1;
						TestTargetID = 3DFC3E1F2A9896B300F6771B;
					};
					3DFC3E392A9896B600F6771B = {
						CreatedOnToolsVersion = 14.3.1;
						TestTargetID = 3DFC3E1F2A9896B300F6771B;
					};
				};
			};
			buildConfigurationList = 3DFC3E1B2A9896B300F6771B /* Build configuration list for PBXProject "Thermometer" */;
			compatibilityVersion = "Xcode 14.0";
			developmentRegion = en;
			hasScannedForEncodings = 0;
			knownRegions = (
				en,
				Base,
			);
			mainGroup = 3DFC3E172A9896B300F6771B;
			packageReferences = (
				3DFC3E4D2A989E4500F6771B /* XCRemoteSwiftPackageReference "Wave" */,
				3DBCBD6F2A98F7D700D21FB5 /* XCRemoteSwiftPackageReference "Toolbox" */,
			);
			productRefGroup = 3DFC3E212A9896B300F6771B /* Products */;
			projectDirPath = "";
			projectRoot = "";
			targets = (
				3DFC3E1F2A9896B300F6771B /* Thermometer */,
				3DFC3E2F2A9896B600F6771B /* ThermometerTests */,
				3DFC3E392A9896B600F6771B /* ThermometerUITests */,
			);
		};
/* End PBXProject section */

/* Begin PBXResourcesBuildPhase section */
		3DFC3E1E2A9896B300F6771B /* Resources */ = {
			isa = PBXResourcesBuildPhase;
			buildActionMask = 2147483647;
			files = (
				3DFC3E2B2A9896B600F6771B /* Preview Assets.xcassets in Resources */,
				3DFC3E282A9896B600F6771B /* Assets.xcassets in Resources */,
			);
			runOnlyForDeploymentPostprocessing = 0;
		};
		3DFC3E2E2A9896B600F6771B /* Resources */ = {
			isa = PBXResourcesBuildPhase;
			buildActionMask = 2147483647;
			files = (
			);
			runOnlyForDeploymentPostprocessing = 0;
		};
		3DFC3E382A9896B600F6771B /* Resources */ = {
			isa = PBXResourcesBuildPhase;
			buildActionMask = 2147483647;
			files = (
			);
			runOnlyForDeploymentPostprocessing = 0;
		};
/* End PBXResourcesBuildPhase section */

/* Begin PBXSourcesBuildPhase section */
		3DFC3E1C2A9896B300F6771B /* Sources */ = {
			isa = PBXSourcesBuildPhase;
			buildActionMask = 2147483647;
			files = (
				3DFC3E262A9896B300F6771B /* ContentView.swift in Sources */,
				3DFC3E242A9896B300F6771B /* ThermometerApp.swift in Sources */,
			);
			runOnlyForDeploymentPostprocessing = 0;
		};
		3DFC3E2C2A9896B600F6771B /* Sources */ = {
			isa = PBXSourcesBuildPhase;
			buildActionMask = 2147483647;
			files = (
				3DFC3E352A9896B600F6771B /* ThermometerTests.swift in Sources */,
			);
			runOnlyForDeploymentPostprocessing = 0;
		};
		3DFC3E362A9896B600F6771B /* Sources */ = {
			isa = PBXSourcesBuildPhase;
			buildActionMask = 2147483647;
			files = (
				3DFC3E3F2A9896B600F6771B /* ThermometerUITests.swift in Sources */,
				3DFC3E412A9896B600F6771B /* ThermometerUITestsLaunchTests.swift in Sources */,
			);
			runOnlyForDeploymentPostprocessing = 0;
		};
/* End PBXSourcesBuildPhase section */

/* Begin PBXTargetDependency section */
		3DFC3E322A9896B600F6771B /* PBXTargetDependency */ = {
			isa = PBXTargetDependency;
			target = 3DFC3E1F2A9896B300F6771B /* Thermometer */;
			targetProxy = 3DFC3E312A9896B600F6771B /* PBXContainerItemProxy */;
		};
		3DFC3E3C2A9896B600F6771B /* PBXTargetDependency */ = {
			isa = PBXTargetDependency;
			target = 3DFC3E1F2A9896B300F6771B /* Thermometer */;
			targetProxy = 3DFC3E3B2A9896B600F6771B /* PBXContainerItemProxy */;
		};
/* End PBXTargetDependency section */

/* Begin XCBuildConfiguration section */
		3DFC3E422A9896B600F6771B /* Debug */ = {
			isa = XCBuildConfiguration;
			buildSettings = {
				ALWAYS_SEARCH_USER_PATHS = NO;
				CLANG_ANALYZER_NONNULL = YES;
				CLANG_ANALYZER_NUMBER_OBJECT_CONVERSION = YES_AGGRESSIVE;
				CLANG_CXX_LANGUAGE_STANDARD = "gnu++20";
				CLANG_ENABLE_MODULES = YES;
				CLANG_ENABLE_OBJC_ARC = YES;
				CLANG_ENABLE_OBJC_WEAK = YES;
				CLANG_WARN_BLOCK_CAPTURE_AUTORELEASING = YES;
				CLANG_WARN_BOOL_CONVERSION = YES;
				CLANG_WARN_COMMA = YES;
				CLANG_WARN_CONSTANT_CONVERSION = YES;
				CLANG_WARN_DEPRECATED_OBJC_IMPLEMENTATIONS = YES;
				CLANG_WARN_DIRECT_OBJC_ISA_USAGE = YES_ERROR;
				CLANG_WARN_DOCUMENTATION_COMMENTS = YES;
				CLANG_WARN_EMPTY_BODY = YES;
				CLANG_WARN_ENUM_CONVERSION = YES;
				CLANG_WARN_INFINITE_RECURSION = YES;
				CLANG_WARN_INT_CONVERSION = YES;
				CLANG_WARN_NON_LITERAL_NULL_CONVERSION = YES;
				CLANG_WARN_OBJC_IMPLICIT_RETAIN_SELF = YES;
				CLANG_WARN_OBJC_LITERAL_CONVERSION = YES;
				CLANG_WARN_OBJC_ROOT_CLASS = YES_ERROR;
				CLANG_WARN_QUOTED_INCLUDE_IN_FRAMEWORK_HEADER = YES;
				CLANG_WARN_RANGE_LOOP_ANALYSIS = YES;
				CLANG_WARN_STRICT_PROTOTYPES = YES;
				CLANG_WARN_SUSPICIOUS_MOVE = YES;
				CLANG_WARN_UNGUARDED_AVAILABILITY = YES_AGGRESSIVE;
				CLANG_WARN_UNREACHABLE_CODE = YES;
				CLANG_WARN__DUPLICATE_METHOD_MATCH = YES;
				COPY_PHASE_STRIP = NO;
				DEBUG_INFORMATION_FORMAT = dwarf;
				ENABLE_STRICT_OBJC_MSGSEND = YES;
				ENABLE_TESTABILITY = YES;
				GCC_C_LANGUAGE_STANDARD = gnu11;
				GCC_DYNAMIC_NO_PIC = NO;
				GCC_NO_COMMON_BLOCKS = YES;
				GCC_OPTIMIZATION_LEVEL = 0;
				GCC_PREPROCESSOR_DEFINITIONS = (
					"DEBUG=1",
					"$(inherited)",
				);
				GCC_WARN_64_TO_32_BIT_CONVERSION = YES;
				GCC_WARN_ABOUT_RETURN_TYPE = YES_ERROR;
				GCC_WARN_UNDECLARED_SELECTOR = YES;
				GCC_WARN_UNINITIALIZED_AUTOS = YES_AGGRESSIVE;
				GCC_WARN_UNUSED_FUNCTION = YES;
				GCC_WARN_UNUSED_VARIABLE = YES;
				IPHONEOS_DEPLOYMENT_TARGET = 16.4;
				MTL_ENABLE_DEBUG_INFO = INCLUDE_SOURCE;
				MTL_FAST_MATH = YES;
				ONLY_ACTIVE_ARCH = YES;
				SDKROOT = iphoneos;
				SWIFT_ACTIVE_COMPILATION_CONDITIONS = DEBUG;
				SWIFT_OPTIMIZATION_LEVEL = "-Onone";
			};
			name = Debug;
		};
		3DFC3E432A9896B600F6771B /* Release */ = {
			isa = XCBuildConfiguration;
			buildSettings = {
				ALWAYS_SEARCH_USER_PATHS = NO;
				CLANG_ANALYZER_NONNULL = YES;
				CLANG_ANALYZER_NUMBER_OBJECT_CONVERSION = YES_AGGRESSIVE;
				CLANG_CXX_LANGUAGE_STANDARD = "gnu++20";
				CLANG_ENABLE_MODULES = YES;
				CLANG_ENABLE_OBJC_ARC = YES;
				CLANG_ENABLE_OBJC_WEAK = YES;
				CLANG_WARN_BLOCK_CAPTURE_AUTORELEASING = YES;
				CLANG_WARN_BOOL_CONVERSION = YES;
				CLANG_WARN_COMMA = YES;
				CLANG_WARN_CONSTANT_CONVERSION = YES;
				CLANG_WARN_DEPRECATED_OBJC_IMPLEMENTATIONS = YES;
				CLANG_WARN_DIRECT_OBJC_ISA_USAGE = YES_ERROR;
				CLANG_WARN_DOCUMENTATION_COMMENTS = YES;
				CLANG_WARN_EMPTY_BODY = YES;
				CLANG_WARN_ENUM_CONVERSION = YES;
				CLANG_WARN_INFINITE_RECURSION = YES;
				CLANG_WARN_INT_CONVERSION = YES;
				CLANG_WARN_NON_LITERAL_NULL_CONVERSION = YES;
				CLANG_WARN_OBJC_IMPLICIT_RETAIN_SELF = YES;
				CLANG_WARN_OBJC_LITERAL_CONVERSION = YES;
				CLANG_WARN_OBJC_ROOT_CLASS = YES_ERROR;
				CLANG_WARN_QUOTED_INCLUDE_IN_FRAMEWORK_HEADER = YES;
				CLANG_WARN_RANGE_LOOP_ANALYSIS = YES;
				CLANG_WARN_STRICT_PROTOTYPES = YES;
				CLANG_WARN_SUSPICIOUS_MOVE = YES;
				CLANG_WARN_UNGUARDED_AVAILABILITY = YES_AGGRESSIVE;
				CLANG_WARN_UNREACHABLE_CODE = YES;
				CLANG_WARN__DUPLICATE_METHOD_MATCH = YES;
				COPY_PHASE_STRIP = NO;
				DEBUG_INFORMATION_FORMAT = "dwarf-with-dsym";
				ENABLE_NS_ASSERTIONS = NO;
				ENABLE_STRICT_OBJC_MSGSEND = YES;
				GCC_C_LANGUAGE_STANDARD = gnu11;
				GCC_NO_COMMON_BLOCKS = YES;
				GCC_WARN_64_TO_32_BIT_CONVERSION = YES;
				GCC_WARN_ABOUT_RETURN_TYPE = YES_ERROR;
				GCC_WARN_UNDECLARED_SELECTOR = YES;
				GCC_WARN_UNINITIALIZED_AUTOS = YES_AGGRESSIVE;
				GCC_WARN_UNUSED_FUNCTION = YES;
				GCC_WARN_UNUSED_VARIABLE = YES;
				IPHONEOS_DEPLOYMENT_TARGET = 16.4;
				MTL_ENABLE_DEBUG_INFO = NO;
				MTL_FAST_MATH = YES;
				SDKROOT = iphoneos;
				SWIFT_COMPILATION_MODE = wholemodule;
				SWIFT_OPTIMIZATION_LEVEL = "-O";
				VALIDATE_PRODUCT = YES;
			};
			name = Release;
		};
		3DFC3E452A9896B600F6771B /* Debug */ = {
			isa = XCBuildConfiguration;
			buildSettings = {
				ASSETCATALOG_COMPILER_APPICON_NAME = AppIcon;
				ASSETCATALOG_COMPILER_GLOBAL_ACCENT_COLOR_NAME = AccentColor;
				CODE_SIGN_STYLE = Automatic;
				CURRENT_PROJECT_VERSION = 1;
				DEVELOPMENT_ASSET_PATHS = "\"Thermometer/Preview Content\"";
				DEVELOPMENT_TEAM = 4D274869RX;
				ENABLE_PREVIEWS = YES;
				GENERATE_INFOPLIST_FILE = YES;
				INFOPLIST_KEY_UIApplicationSceneManifest_Generation = YES;
				INFOPLIST_KEY_UIApplicationSupportsIndirectInputEvents = YES;
				INFOPLIST_KEY_UILaunchScreen_Generation = YES;
				INFOPLIST_KEY_UISupportedInterfaceOrientations_iPad = "UIInterfaceOrientationPortrait UIInterfaceOrientationPortraitUpsideDown UIInterfaceOrientationLandscapeLeft UIInterfaceOrientationLandscapeRight";
				INFOPLIST_KEY_UISupportedInterfaceOrientations_iPhone = "UIInterfaceOrientationPortrait UIInterfaceOrientationLandscapeLeft UIInterfaceOrientationLandscapeRight";
				LD_RUNPATH_SEARCH_PATHS = (
					"$(inherited)",
					"@executable_path/Frameworks",
				);
				MARKETING_VERSION = 1.0;
				PRODUCT_BUNDLE_IDENTIFIER = com.bencomber.Thermometer;
				PRODUCT_NAME = "$(TARGET_NAME)";
				SWIFT_EMIT_LOC_STRINGS = YES;
				SWIFT_VERSION = 5.0;
				TARGETED_DEVICE_FAMILY = "1,2";
			};
			name = Debug;
		};
		3DFC3E462A9896B600F6771B /* Release */ = {
			isa = XCBuildConfiguration;
			buildSettings = {
				ASSETCATALOG_COMPILER_APPICON_NAME = AppIcon;
				ASSETCATALOG_COMPILER_GLOBAL_ACCENT_COLOR_NAME = AccentColor;
				CODE_SIGN_STYLE = Automatic;
				CURRENT_PROJECT_VERSION = 1;
				DEVELOPMENT_ASSET_PATHS = "\"Thermometer/Preview Content\"";
				DEVELOPMENT_TEAM = 4D274869RX;
				ENABLE_PREVIEWS = YES;
				GENERATE_INFOPLIST_FILE = YES;
				INFOPLIST_KEY_UIApplicationSceneManifest_Generation = YES;
				INFOPLIST_KEY_UIApplicationSupportsIndirectInputEvents = YES;
				INFOPLIST_KEY_UILaunchScreen_Generation = YES;
				INFOPLIST_KEY_UISupportedInterfaceOrientations_iPad = "UIInterfaceOrientationPortrait UIInterfaceOrientationPortraitUpsideDown UIInterfaceOrientationLandscapeLeft UIInterfaceOrientationLandscapeRight";
				INFOPLIST_KEY_UISupportedInterfaceOrientations_iPhone = "UIInterfaceOrientationPortrait UIInterfaceOrientationLandscapeLeft UIInterfaceOrientationLandscapeRight";
				LD_RUNPATH_SEARCH_PATHS = (
					"$(inherited)",
					"@executable_path/Frameworks",
				);
				MARKETING_VERSION = 1.0;
				PRODUCT_BUNDLE_IDENTIFIER = com.bencomber.Thermometer;
				PRODUCT_NAME = "$(TARGET_NAME)";
				SWIFT_EMIT_LOC_STRINGS = YES;
				SWIFT_VERSION = 5.0;
				TARGETED_DEVICE_FAMILY = "1,2";
			};
			name = Release;
		};
		3DFC3E482A9896B600F6771B /* Debug */ = {
			isa = XCBuildConfiguration;
			buildSettings = {
				ALWAYS_EMBED_SWIFT_STANDARD_LIBRARIES = YES;
				BUNDLE_LOADER = "$(TEST_HOST)";
				CODE_SIGN_STYLE = Automatic;
				CURRENT_PROJECT_VERSION = 1;
				DEVELOPMENT_TEAM = 4D274869RX;
				GENERATE_INFOPLIST_FILE = YES;
				IPHONEOS_DEPLOYMENT_TARGET = 16.4;
				MARKETING_VERSION = 1.0;
				PRODUCT_BUNDLE_IDENTIFIER = com.bencomber.ThermometerTests;
				PRODUCT_NAME = "$(TARGET_NAME)";
				SWIFT_EMIT_LOC_STRINGS = NO;
				SWIFT_VERSION = 5.0;
				TARGETED_DEVICE_FAMILY = "1,2";
				TEST_HOST = "$(BUILT_PRODUCTS_DIR)/Thermometer.app/$(BUNDLE_EXECUTABLE_FOLDER_PATH)/Thermometer";
			};
			name = Debug;
		};
		3DFC3E492A9896B600F6771B /* Release */ = {
			isa = XCBuildConfiguration;
			buildSettings = {
				ALWAYS_EMBED_SWIFT_STANDARD_LIBRARIES = YES;
				BUNDLE_LOADER = "$(TEST_HOST)";
				CODE_SIGN_STYLE = Automatic;
				CURRENT_PROJECT_VERSION = 1;
				DEVELOPMENT_TEAM = 4D274869RX;
				GENERATE_INFOPLIST_FILE = YES;
				IPHONEOS_DEPLOYMENT_TARGET = 16.4;
				MARKETING_VERSION = 1.0;
				PRODUCT_BUNDLE_IDENTIFIER = com.bencomber.ThermometerTests;
				PRODUCT_NAME = "$(TARGET_NAME)";
				SWIFT_EMIT_LOC_STRINGS = NO;
				SWIFT_VERSION = 5.0;
				TARGETED_DEVICE_FAMILY = "1,2";
				TEST_HOST = "$(BUILT_PRODUCTS_DIR)/Thermometer.app/$(BUNDLE_EXECUTABLE_FOLDER_PATH)/Thermometer";
			};
			name = Release;
		};
		3DFC3E4B2A9896B600F6771B /* Debug */ = {
			isa = XCBuildConfiguration;
			buildSettings = {
				ALWAYS_EMBED_SWIFT_STANDARD_LIBRARIES = YES;
				CODE_SIGN_STYLE = Automatic;
				CURRENT_PROJECT_VERSION = 1;
				DEVELOPMENT_TEAM = 4D274869RX;
				GENERATE_INFOPLIST_FILE = YES;
				MARKETING_VERSION = 1.0;
				PRODUCT_BUNDLE_IDENTIFIER = com.bencomber.ThermometerUITests;
				PRODUCT_NAME = "$(TARGET_NAME)";
				SWIFT_EMIT_LOC_STRINGS = NO;
				SWIFT_VERSION = 5.0;
				TARGETED_DEVICE_FAMILY = "1,2";
				TEST_TARGET_NAME = Thermometer;
			};
			name = Debug;
		};
		3DFC3E4C2A9896B600F6771B /* Release */ = {
			isa = XCBuildConfiguration;
			buildSettings = {
				ALWAYS_EMBED_SWIFT_STANDARD_LIBRARIES = YES;
				CODE_SIGN_STYLE = Automatic;
				CURRENT_PROJECT_VERSION = 1;
				DEVELOPMENT_TEAM = 4D274869RX;
				GENERATE_INFOPLIST_FILE = YES;
				MARKETING_VERSION = 1.0;
				PRODUCT_BUNDLE_IDENTIFIER = com.bencomber.ThermometerUITests;
				PRODUCT_NAME = "$(TARGET_NAME)";
				SWIFT_EMIT_LOC_STRINGS = NO;
				SWIFT_VERSION = 5.0;
				TARGETED_DEVICE_FAMILY = "1,2";
				TEST_TARGET_NAME = Thermometer;
			};
			name = Release;
		};
/* End XCBuildConfiguration section */

/* Begin XCConfigurationList section */
		3DFC3E1B2A9896B300F6771B /* Build configuration list for PBXProject "Thermometer" */ = {
			isa = XCConfigurationList;
			buildConfigurations = (
				3DFC3E422A9896B600F6771B /* Debug */,
				3DFC3E432A9896B600F6771B /* Release */,
			);
			defaultConfigurationIsVisible = 0;
			defaultConfigurationName = Release;
		};
		3DFC3E442A9896B600F6771B /* Build configuration list for PBXNativeTarget "Thermometer" */ = {
			isa = XCConfigurationList;
			buildConfigurations = (
				3DFC3E452A9896B600F6771B /* Debug */,
				3DFC3E462A9896B600F6771B /* Release */,
			);
			defaultConfigurationIsVisible = 0;
			defaultConfigurationName = Release;
		};
		3DFC3E472A9896B600F6771B /* Build configuration list for PBXNativeTarget "ThermometerTests" */ = {
			isa = XCConfigurationList;
			buildConfigurations = (
				3DFC3E482A9896B600F6771B /* Debug */,
				3DFC3E492A9896B600F6771B /* Release */,
			);
			defaultConfigurationIsVisible = 0;
			defaultConfigurationName = Release;
		};
		3DFC3E4A2A9896B600F6771B /* Build configuration list for PBXNativeTarget "ThermometerUITests" */ = {
			isa = XCConfigurationList;
			buildConfigurations = (
				3DFC3E4B2A9896B600F6771B /* Debug */,
				3DFC3E4C2A9896B600F6771B /* Release */,
			);
			defaultConfigurationIsVisible = 0;
			defaultConfigurationName = Release;
		};
/* End XCConfigurationList section */

/* Begin XCRemoteSwiftPackageReference section */
		3DBCBD6F2A98F7D700D21FB5 /* XCRemoteSwiftPackageReference "Toolbox" */ = {
			isa = XCRemoteSwiftPackageReference;
			repositoryURL = "https://github.com/comberb/Toolbox";
			requirement = {
				branch = main;
				kind = branch;
			};
		};
		3DFC3E4D2A989E4500F6771B /* XCRemoteSwiftPackageReference "Wave" */ = {
			isa = XCRemoteSwiftPackageReference;
			repositoryURL = "https://github.com/comberb/Wave";
			requirement = {
				branch = main;
				kind = branch;
			};
		};
/* End XCRemoteSwiftPackageReference section */

/* Begin XCSwiftPackageProductDependency section */
		3DBCBD702A98F7D700D21FB5 /* Toolbox */ = {
			isa = XCSwiftPackageProductDependency;
			package = 3DBCBD6F2A98F7D700D21FB5 /* XCRemoteSwiftPackageReference "Toolbox" */;
			productName = Toolbox;
		};
		3DBCBD752A9902CA00D21FB5 /* ThermometerViews */ = {
			isa = XCSwiftPackageProductDependency;
			productName = ThermometerViews;
		};
		3DFC3E4E2A989E4500F6771B /* Wave */ = {
			isa = XCSwiftPackageProductDependency;
			package = 3DFC3E4D2A989E4500F6771B /* XCRemoteSwiftPackageReference "Wave" */;
			productName = Wave;
		};
/* End XCSwiftPackageProductDependency section */
	};
	rootObject = 3DFC3E182A9896B300F6771B /* Project object */;
}
